
Microsoft Visual Studio Solution File, Format Version 12.00
# Visual Studio 14
VisualStudioVersion = 14.0.25420.1
MinimumVisualStudioVersion = 10.0.40219.1
Project("{FAE04EC0-301F-11D3-BF4B-00C04F79EFBC}") = "Booksonic Library Editor", "Booksonic Editor\Booksonic Library Editor.csproj", "{E41055A4-4892-424D-8B4A-D56E458A976E}"
EndProject
Project("{54435603-DBB4-11D2-8724-00A0C9A8B90C}") = "Booksonic Setup", "Booksonic Setup\Booksonic Setup.vdproj", "{DA0F87E4-49EB-4843-BE13-AC7EAE34024C}"
EndProject
Global
	GlobalSection(SolutionConfigurationPlatforms) = preSolution
		Debug|Any CPU = Debug|Any CPU
		Release|Any CPU = Release|Any CPU
	EndGlobalSection
	GlobalSection(ProjectConfigurationPlatforms) = postSolution
		{E41055A4-4892-424D-8B4A-D56E458A976E}.Debug|Any CPU.ActiveCfg = Debug|Any CPU
		{E41055A4-4892-424D-8B4A-D56E458A976E}.Debug|Any CPU.Build.0 = Debug|Any CPU
		{E41055A4-4892-424D-8B4A-D56E458A976E}.Release|Any CPU.ActiveCfg = Release|Any CPU
		{E41055A4-4892-424D-8B4A-D56E458A976E}.Release|Any CPU.Build.0 = Release|Any CPU
		{DA0F87E4-49EB-4843-BE13-AC7EAE34024C}.Debug|Any CPU.ActiveCfg = Debug
		{DA0F87E4-49EB-4843-BE13-AC7EAE34024C}.Release|Any CPU.ActiveCfg = Release
	EndGlobalSection
	GlobalSection(SolutionProperties) = preSolution
		HideSolutionNode = FALSE
	EndGlobalSection
EndGlobal
